
Microsoft Visual Studio Solution File, Format Version 12.00
# Visual Studio Version 16
VisualStudioVersion = 16.0.29209.62
MinimumVisualStudioVersion = 10.0.40219.1
Project("{9A19103F-16F7-4668-BE54-9A1E7A4F7556}") = "sonicheroes.utils.stageinjector", "sonicheroes.utils.stageinjector\sonicheroes.utils.stageinjector.csproj", "{3D155E8C-C3F4-4B77-B5AC-316FBA51F32E}"
EndProject
Project("{2150E333-8FDC-42A3-9474-1A3956D46DE8}") = "Submodules", "Submodules", "{A4D0FDDF-AF7B-4348-82A1-C6FCCE5DB41D}"
EndProject
Project("{9A19103F-16F7-4668-BE54-9A1E7A4F7556}") = "Reloaded.Universal.Redirector.Interfaces", "Submodules\Redirector\Reloaded.Universal.Redirector.Interfaces\Reloaded.Universal.Redirector.Interfaces.csproj", "{260CEADA-FB43-44A0-B089-5817026C4274}"
EndProject
Project("{9A19103F-16F7-4668-BE54-9A1E7A4F7556}") = "Heroes.SDK", "Submodules\Heroes.SDK\Heroes.SDK.Library\Heroes.SDK.csproj", "{D9D6692E-9CFD-4A9E-9CF5-DD9E84084270}"
EndProject
Global
	GlobalSection(SolutionConfigurationPlatforms) = preSolution
		Debug|Any CPU = Debug|Any CPU
		Release|Any CPU = Release|Any CPU
	EndGlobalSection
	GlobalSection(ProjectConfigurationPlatforms) = postSolution
		{3D155E8C-C3F4-4B77-B5AC-316FBA51F32E}.Debug|Any CPU.ActiveCfg = Debug|Any CPU
		{3D155E8C-C3F4-4B77-B5AC-316FBA51F32E}.Debug|Any CPU.Build.0 = Debug|Any CPU
		{3D155E8C-C3F4-4B77-B5AC-316FBA51F32E}.Release|Any CPU.ActiveCfg = Release|Any CPU
		{3D155E8C-C3F4-4B77-B5AC-316FBA51F32E}.Release|Any CPU.Build.0 = Release|Any CPU
		{260CEADA-FB43-44A0-B089-5817026C4274}.Debug|Any CPU.ActiveCfg = Debug|Any CPU
		{260CEADA-FB43-44A0-B089-5817026C4274}.Debug|Any CPU.Build.0 = Debug|Any CPU
		{260CEADA-FB43-44A0-B089-5817026C4274}.Release|Any CPU.ActiveCfg = Release|Any CPU
		{260CEADA-FB43-44A0-B089-5817026C4274}.Release|Any CPU.Build.0 = Release|Any CPU
		{D9D6692E-9CFD-4A9E-9CF5-DD9E84084270}.Debug|Any CPU.ActiveCfg = Debug|Any CPU
		{D9D6692E-9CFD-4A9E-9CF5-DD9E84084270}.Debug|Any CPU.Build.0 = Debug|Any CPU
		{D9D6692E-9CFD-4A9E-9CF5-DD9E84084270}.Release|Any CPU.ActiveCfg = Release|Any CPU
		{D9D6692E-9CFD-4A9E-9CF5-DD9E84084270}.Release|Any CPU.Build.0 = Release|Any CPU
	EndGlobalSection
	GlobalSection(SolutionProperties) = preSolution
		HideSolutionNode = FALSE
	EndGlobalSection
	GlobalSection(NestedProjects) = preSolution
		{260CEADA-FB43-44A0-B089-5817026C4274} = {A4D0FDDF-AF7B-4348-82A1-C6FCCE5DB41D}
		{D9D6692E-9CFD-4A9E-9CF5-DD9E84084270} = {A4D0FDDF-AF7B-4348-82A1-C6FCCE5DB41D}
	EndGlobalSection
	GlobalSection(ExtensibilityGlobals) = postSolution
		SolutionGuid = {949306A2-175C-4191-9622-F9579ED01321}
	EndGlobalSection
EndGlobal
